// !$*UTF8*$!
{
	archiveVersion = 1;
	classes = {
	};
	objectVersion = 55;
	objects = {

/* Begin PBXBuildFile section */
		95384CDF28194FF200C0AA33 /* AppDelegate.swift in Sources */ = {isa = PBXBuildFile; fileRef = 95384CDE28194FF200C0AA33 /* AppDelegate.swift */; };
		95384CE128194FF200C0AA33 /* SceneDelegate.swift in Sources */ = {isa = PBXBuildFile; fileRef = 95384CE028194FF200C0AA33 /* SceneDelegate.swift */; };
		95384CE628194FF200C0AA33 /* Main.storyboard in Resources */ = {isa = PBXBuildFile; fileRef = 95384CE428194FF200C0AA33 /* Main.storyboard */; };
		95384CE928194FF200C0AA33 /* PokeTeam.xcdatamodeld in Sources */ = {isa = PBXBuildFile; fileRef = 95384CE728194FF200C0AA33 /* PokeTeam.xcdatamodeld */; };
		95384CEB28194FF200C0AA33 /* Assets.xcassets in Resources */ = {isa = PBXBuildFile; fileRef = 95384CEA28194FF200C0AA33 /* Assets.xcassets */; };
		95384CF62819535D00C0AA33 /* PartyModel.swift in Sources */ = {isa = PBXBuildFile; fileRef = 95384CF52819535D00C0AA33 /* PartyModel.swift */; };
		95384CFA281953AB00C0AA33 /* PokemonModel.swift in Sources */ = {isa = PBXBuildFile; fileRef = 95384CF9281953AB00C0AA33 /* PokemonModel.swift */; };
		95384CFC281974BB00C0AA33 /* DatabaseHelper.swift in Sources */ = {isa = PBXBuildFile; fileRef = 95384CFB281974BB00C0AA33 /* DatabaseHelper.swift */; };
		95384CFE281974E900C0AA33 /* FetchHelper.swift in Sources */ = {isa = PBXBuildFile; fileRef = 95384CFD281974E900C0AA33 /* FetchHelper.swift */; };
		95384D002819774400C0AA33 /* PartyTableVC.swift in Sources */ = {isa = PBXBuildFile; fileRef = 95384CFF2819774400C0AA33 /* PartyTableVC.swift */; };
		95384D022819774E00C0AA33 /* PartyCell.swift in Sources */ = {isa = PBXBuildFile; fileRef = 95384D012819774E00C0AA33 /* PartyCell.swift */; };
		95384D042819775B00C0AA33 /* MemberTableVC.swift in Sources */ = {isa = PBXBuildFile; fileRef = 95384D032819775B00C0AA33 /* MemberTableVC.swift */; };
		95384D062819776300C0AA33 /* MemberCell.swift in Sources */ = {isa = PBXBuildFile; fileRef = 95384D052819776300C0AA33 /* MemberCell.swift */; };
		95384D082819779300C0AA33 /* PokeListTableVC.swift in Sources */ = {isa = PBXBuildFile; fileRef = 95384D072819779300C0AA33 /* PokeListTableVC.swift */; };
		95384D0A2819779900C0AA33 /* PokeListCell.swift in Sources */ = {isa = PBXBuildFile; fileRef = 95384D092819779900C0AA33 /* PokeListCell.swift */; };
		95384D1128197E6500C0AA33 /* Pokemon.swift in Sources */ = {isa = PBXBuildFile; fileRef = 95384D1028197E6500C0AA33 /* Pokemon.swift */; };
/* End PBXBuildFile section */

/* Begin PBXFileReference section */
		95384CDB28194FF200C0AA33 /* PokeTeam.app */ = {isa = PBXFileReference; explicitFileType = wrapper.application; includeInIndex = 0; path = PokeTeam.app; sourceTree = BUILT_PRODUCTS_DIR; };
		95384CDE28194FF200C0AA33 /* AppDelegate.swift */ = {isa = PBXFileReference; lastKnownFileType = sourcecode.swift; path = AppDelegate.swift; sourceTree = "<group>"; };
		95384CE028194FF200C0AA33 /* SceneDelegate.swift */ = {isa = PBXFileReference; lastKnownFileType = sourcecode.swift; path = SceneDelegate.swift; sourceTree = "<group>"; };
		95384CE528194FF200C0AA33 /* Base */ = {isa = PBXFileReference; lastKnownFileType = file.storyboard; name = Base; path = Base.lproj/Main.storyboard; sourceTree = "<group>"; };
		95384CE828194FF200C0AA33 /* PokeTeam.xcdatamodel */ = {isa = PBXFileReference; lastKnownFileType = wrapper.xcdatamodel; path = PokeTeam.xcdatamodel; sourceTree = "<group>"; };
		95384CEA28194FF200C0AA33 /* Assets.xcassets */ = {isa = PBXFileReference; lastKnownFileType = folder.assetcatalog; path = Assets.xcassets; sourceTree = "<group>"; };
		95384CEF28194FF200C0AA33 /* Info.plist */ = {isa = PBXFileReference; lastKnownFileType = text.plist.xml; path = Info.plist; sourceTree = "<group>"; };
		95384CF52819535D00C0AA33 /* PartyModel.swift */ = {isa = PBXFileReference; lastKnownFileType = sourcecode.swift; path = PartyModel.swift; sourceTree = "<group>"; };
		95384CF9281953AB00C0AA33 /* PokemonModel.swift */ = {isa = PBXFileReference; lastKnownFileType = sourcecode.swift; path = PokemonModel.swift; sourceTree = "<group>"; };
		95384CFB281974BB00C0AA33 /* DatabaseHelper.swift */ = {isa = PBXFileReference; lastKnownFileType = sourcecode.swift; path = DatabaseHelper.swift; sourceTree = "<group>"; };
		95384CFD281974E900C0AA33 /* FetchHelper.swift */ = {isa = PBXFileReference; lastKnownFileType = sourcecode.swift; path = FetchHelper.swift; sourceTree = "<group>"; };
		95384CFF2819774400C0AA33 /* PartyTableVC.swift */ = {isa = PBXFileReference; lastKnownFileType = sourcecode.swift; path = PartyTableVC.swift; sourceTree = "<group>"; };
		95384D012819774E00C0AA33 /* PartyCell.swift */ = {isa = PBXFileReference; lastKnownFileType = sourcecode.swift; path = PartyCell.swift; sourceTree = "<group>"; };
		95384D032819775B00C0AA33 /* MemberTableVC.swift */ = {isa = PBXFileReference; lastKnownFileType = sourcecode.swift; path = MemberTableVC.swift; sourceTree = "<group>"; };
		95384D052819776300C0AA33 /* MemberCell.swift */ = {isa = PBXFileReference; lastKnownFileType = sourcecode.swift; path = MemberCell.swift; sourceTree = "<group>"; };
		95384D072819779300C0AA33 /* PokeListTableVC.swift */ = {isa = PBXFileReference; lastKnownFileType = sourcecode.swift; path = PokeListTableVC.swift; sourceTree = "<group>"; };
		95384D092819779900C0AA33 /* PokeListCell.swift */ = {isa = PBXFileReference; lastKnownFileType = sourcecode.swift; path = PokeListCell.swift; sourceTree = "<group>"; };
		95384D1028197E6500C0AA33 /* Pokemon.swift */ = {isa = PBXFileReference; lastKnownFileType = sourcecode.swift; path = Pokemon.swift; sourceTree = "<group>"; };
/* End PBXFileReference section */

/* Begin PBXFrameworksBuildPhase section */
		95384CD828194FF200C0AA33 /* Frameworks */ = {
			isa = PBXFrameworksBuildPhase;
			buildActionMask = 2147483647;
			files = (
			);
			runOnlyForDeploymentPostprocessing = 0;
		};
/* End PBXFrameworksBuildPhase section */

/* Begin PBXGroup section */
		95384CD228194FF100C0AA33 = {
			isa = PBXGroup;
			children = (
				95384CDD28194FF200C0AA33 /* PokeTeam */,
				95384CDC28194FF200C0AA33 /* Products */,
			);
			sourceTree = "<group>";
		};
		95384CDC28194FF200C0AA33 /* Products */ = {
			isa = PBXGroup;
			children = (
				95384CDB28194FF200C0AA33 /* PokeTeam.app */,
			);
			name = Products;
			sourceTree = "<group>";
		};
		95384CDD28194FF200C0AA33 /* PokeTeam */ = {
			isa = PBXGroup;
			children = (
				95384D1028197E6500C0AA33 /* Pokemon.swift */,
				95384D0C281977AA00C0AA33 /* PokeList */,
				95384D0E281977C300C0AA33 /* Party */,
				95384D0D281977B700C0AA33 /* Member */,
				95384D0F281977DD00C0AA33 /* Model */,
				95384CDE28194FF200C0AA33 /* AppDelegate.swift */,
				95384CE028194FF200C0AA33 /* SceneDelegate.swift */,
				95384CE428194FF200C0AA33 /* Main.storyboard */,
				95384CEA28194FF200C0AA33 /* Assets.xcassets */,
				95384CEF28194FF200C0AA33 /* Info.plist */,
				95384CE728194FF200C0AA33 /* PokeTeam.xcdatamodeld */,
				95384CFB281974BB00C0AA33 /* DatabaseHelper.swift */,
				95384CFD281974E900C0AA33 /* FetchHelper.swift */,
			);
			path = PokeTeam;
			sourceTree = "<group>";
		};
		95384D0C281977AA00C0AA33 /* PokeList */ = {
			isa = PBXGroup;
			children = (
				95384D072819779300C0AA33 /* PokeListTableVC.swift */,
				95384D092819779900C0AA33 /* PokeListCell.swift */,
			);
			name = PokeList;
			path = ..;
			sourceTree = "<group>";
		};
		95384D0D281977B700C0AA33 /* Member */ = {
			isa = PBXGroup;
			children = (
				95384D032819775B00C0AA33 /* MemberTableVC.swift */,
				95384D052819776300C0AA33 /* MemberCell.swift */,
			);
			name = Member;
			sourceTree = "<group>";
		};
		95384D0E281977C300C0AA33 /* Party */ = {
			isa = PBXGroup;
			children = (
				95384CFF2819774400C0AA33 /* PartyTableVC.swift */,
				95384D012819774E00C0AA33 /* PartyCell.swift */,
			);
			name = Party;
			sourceTree = "<group>";
		};
		95384D0F281977DD00C0AA33 /* Model */ = {
			isa = PBXGroup;
			children = (
				95384CF52819535D00C0AA33 /* PartyModel.swift */,
				95384CF9281953AB00C0AA33 /* PokemonModel.swift */,
			);
			name = Model;
			sourceTree = "<group>";
		};
/* End PBXGroup section */

/* Begin PBXNativeTarget section */
		95384CDA28194FF200C0AA33 /* PokeTeam */ = {
			isa = PBXNativeTarget;
			buildConfigurationList = 95384CF228194FF200C0AA33 /* Build configuration list for PBXNativeTarget "PokeTeam" */;
			buildPhases = (
				95384CD728194FF200C0AA33 /* Sources */,
				95384CD828194FF200C0AA33 /* Frameworks */,
				95384CD928194FF200C0AA33 /* Resources */,
			);
			buildRules = (
			);
			dependencies = (
			);
			name = PokeTeam;
			productName = PokeTeam;
			productReference = 95384CDB28194FF200C0AA33 /* PokeTeam.app */;
			productType = "com.apple.product-type.application";
		};
/* End PBXNativeTarget section */

/* Begin PBXProject section */
		95384CD328194FF100C0AA33 /* Project object */ = {
			isa = PBXProject;
			attributes = {
				BuildIndependentTargetsInParallel = 1;
				LastSwiftUpdateCheck = 1330;
				LastUpgradeCheck = 1330;
				TargetAttributes = {
					95384CDA28194FF200C0AA33 = {
						CreatedOnToolsVersion = 13.3.1;
					};
				};
			};
			buildConfigurationList = 95384CD628194FF100C0AA33 /* Build configuration list for PBXProject "PokeTeam" */;
			compatibilityVersion = "Xcode 13.0";
			developmentRegion = en;
			hasScannedForEncodings = 0;
			knownRegions = (
				en,
				Base,
			);
			mainGroup = 95384CD228194FF100C0AA33;
			productRefGroup = 95384CDC28194FF200C0AA33 /* Products */;
			projectDirPath = "";
			projectRoot = "";
			targets = (
				95384CDA28194FF200C0AA33 /* PokeTeam */,
			);
		};
/* End PBXProject section */

/* Begin PBXResourcesBuildPhase section */
		95384CD928194FF200C0AA33 /* Resources */ = {
			isa = PBXResourcesBuildPhase;
			buildActionMask = 2147483647;
			files = (
				95384CEB28194FF200C0AA33 /* Assets.xcassets in Resources */,
				95384CE628194FF200C0AA33 /* Main.storyboard in Resources */,
			);
			runOnlyForDeploymentPostprocessing = 0;
		};
/* End PBXResourcesBuildPhase section */

/* Begin PBXSourcesBuildPhase section */
		95384CD728194FF200C0AA33 /* Sources */ = {
			isa = PBXSourcesBuildPhase;
			buildActionMask = 2147483647;
			files = (
				95384CFA281953AB00C0AA33 /* PokemonModel.swift in Sources */,
				95384CDF28194FF200C0AA33 /* AppDelegate.swift in Sources */,
				95384CFC281974BB00C0AA33 /* DatabaseHelper.swift in Sources */,
				95384D0A2819779900C0AA33 /* PokeListCell.swift in Sources */,
				95384D1128197E6500C0AA33 /* Pokemon.swift in Sources */,
				95384CE128194FF200C0AA33 /* SceneDelegate.swift in Sources */,
				95384CF62819535D00C0AA33 /* PartyModel.swift in Sources */,
				95384D022819774E00C0AA33 /* PartyCell.swift in Sources */,
				95384D062819776300C0AA33 /* MemberCell.swift in Sources */,
				95384CFE281974E900C0AA33 /* FetchHelper.swift in Sources */,
				95384D002819774400C0AA33 /* PartyTableVC.swift in Sources */,
				95384CE928194FF200C0AA33 /* PokeTeam.xcdatamodeld in Sources */,
				95384D042819775B00C0AA33 /* MemberTableVC.swift in Sources */,
				95384D082819779300C0AA33 /* PokeListTableVC.swift in Sources */,
			);
			runOnlyForDeploymentPostprocessing = 0;
		};
/* End PBXSourcesBuildPhase section */

/* Begin PBXVariantGroup section */
		95384CE428194FF200C0AA33 /* Main.storyboard */ = {
			isa = PBXVariantGroup;
			children = (
				95384CE528194FF200C0AA33 /* Base */,
			);
			name = Main.storyboard;
			sourceTree = "<group>";
		};
/* End PBXVariantGroup section */

/* Begin XCBuildConfiguration section */
		95384CF028194FF200C0AA33 /* Debug */ = {
			isa = XCBuildConfiguration;
			buildSettings = {
				ALWAYS_SEARCH_USER_PATHS = NO;
				CLANG_ANALYZER_NONNULL = YES;
				CLANG_ANALYZER_NUMBER_OBJECT_CONVERSION = YES_AGGRESSIVE;
				CLANG_CXX_LANGUAGE_STANDARD = "gnu++17";
				CLANG_ENABLE_MODULES = YES;
				CLANG_ENABLE_OBJC_ARC = YES;
				CLANG_ENABLE_OBJC_WEAK = YES;
				CLANG_WARN_BLOCK_CAPTURE_AUTORELEASING = YES;
				CLANG_WARN_BOOL_CONVERSION = YES;
				CLANG_WARN_COMMA = YES;
				CLANG_WARN_CONSTANT_CONVERSION = YES;
				CLANG_WARN_DEPRECATED_OBJC_IMPLEMENTATIONS = YES;
				CLANG_WARN_DIRECT_OBJC_ISA_USAGE = YES_ERROR;
				CLANG_WARN_DOCUMENTATION_COMMENTS = YES;
				CLANG_WARN_EMPTY_BODY = YES;
				CLANG_WARN_ENUM_CONVERSION = YES;
				CLANG_WARN_INFINITE_RECURSION = YES;
				CLANG_WARN_INT_CONVERSION = YES;
				CLANG_WARN_NON_LITERAL_NULL_CONVERSION = YES;
				CLANG_WARN_OBJC_IMPLICIT_RETAIN_SELF = YES;
				CLANG_WARN_OBJC_LITERAL_CONVERSION = YES;
				CLANG_WARN_OBJC_ROOT_CLASS = YES_ERROR;
				CLANG_WARN_QUOTED_INCLUDE_IN_FRAMEWORK_HEADER = YES;
				CLANG_WARN_RANGE_LOOP_ANALYSIS = YES;
				CLANG_WARN_STRICT_PROTOTYPES = YES;
				CLANG_WARN_SUSPICIOUS_MOVE = YES;
				CLANG_WARN_UNGUARDED_AVAILABILITY = YES_AGGRESSIVE;
				CLANG_WARN_UNREACHABLE_CODE = YES;
				CLANG_WARN__DUPLICATE_METHOD_MATCH = YES;
				COPY_PHASE_STRIP = NO;
				DEBUG_INFORMATION_FORMAT = dwarf;
				ENABLE_STRICT_OBJC_MSGSEND = YES;
				ENABLE_TESTABILITY = YES;
				GCC_C_LANGUAGE_STANDARD = gnu11;
				GCC_DYNAMIC_NO_PIC = NO;
				GCC_NO_COMMON_BLOCKS = YES;
				GCC_OPTIMIZATION_LEVEL = 0;
				GCC_PREPROCESSOR_DEFINITIONS = (
					"DEBUG=1",
					"$(inherited)",
				);
				GCC_WARN_64_TO_32_BIT_CONVERSION = YES;
				GCC_WARN_ABOUT_RETURN_TYPE = YES_ERROR;
				GCC_WARN_UNDECLARED_SELECTOR = YES;
				GCC_WARN_UNINITIALIZED_AUTOS = YES_AGGRESSIVE;
				GCC_WARN_UNUSED_FUNCTION = YES;
				GCC_WARN_UNUSED_VARIABLE = YES;
				IPHONEOS_DEPLOYMENT_TARGET = 15.4;
				MTL_ENABLE_DEBUG_INFO = INCLUDE_SOURCE;
				MTL_FAST_MATH = YES;
				ONLY_ACTIVE_ARCH = YES;
				SDKROOT = iphoneos;
				SWIFT_ACTIVE_COMPILATION_CONDITIONS = DEBUG;
				SWIFT_OPTIMIZATION_LEVEL = "-Onone";
			};
			name = Debug;
		};
		95384CF128194FF200C0AA33 /* Release */ = {
			isa = XCBuildConfiguration;
			buildSettings = {
				ALWAYS_SEARCH_USER_PATHS = NO;
				CLANG_ANALYZER_NONNULL = YES;
				CLANG_ANALYZER_NUMBER_OBJECT_CONVERSION = YES_AGGRESSIVE;
				CLANG_CXX_LANGUAGE_STANDARD = "gnu++17";
				CLANG_ENABLE_MODULES = YES;
				CLANG_ENABLE_OBJC_ARC = YES;
				CLANG_ENABLE_OBJC_WEAK = YES;
				CLANG_WARN_BLOCK_CAPTURE_AUTORELEASING = YES;
				CLANG_WARN_BOOL_CONVERSION = YES;
				CLANG_WARN_COMMA = YES;
				CLANG_WARN_CONSTANT_CONVERSION = YES;
				CLANG_WARN_DEPRECATED_OBJC_IMPLEMENTATIONS = YES;
				CLANG_WARN_DIRECT_OBJC_ISA_USAGE = YES_ERROR;
				CLANG_WARN_DOCUMENTATION_COMMENTS = YES;
				CLANG_WARN_EMPTY_BODY = YES;
				CLANG_WARN_ENUM_CONVERSION = YES;
				CLANG_WARN_INFINITE_RECURSION = YES;
				CLANG_WARN_INT_CONVERSION = YES;
				CLANG_WARN_NON_LITERAL_NULL_CONVERSION = YES;
				CLANG_WARN_OBJC_IMPLICIT_RETAIN_SELF = YES;
				CLANG_WARN_OBJC_LITERAL_CONVERSION = YES;
				CLANG_WARN_OBJC_ROOT_CLASS = YES_ERROR;
				CLANG_WARN_QUOTED_INCLUDE_IN_FRAMEWORK_HEADER = YES;
				CLANG_WARN_RANGE_LOOP_ANALYSIS = YES;
				CLANG_WARN_STRICT_PROTOTYPES = YES;
				CLANG_WARN_SUSPICIOUS_MOVE = YES;
				CLANG_WARN_UNGUARDED_AVAILABILITY = YES_AGGRESSIVE;
				CLANG_WARN_UNREACHABLE_CODE = YES;
				CLANG_WARN__DUPLICATE_METHOD_MATCH = YES;
				COPY_PHASE_STRIP = NO;
				DEBUG_INFORMATION_FORMAT = "dwarf-with-dsym";
				ENABLE_NS_ASSERTIONS = NO;
				ENABLE_STRICT_OBJC_MSGSEND = YES;
				GCC_C_LANGUAGE_STANDARD = gnu11;
				GCC_NO_COMMON_BLOCKS = YES;
				GCC_WARN_64_TO_32_BIT_CONVERSION = YES;
				GCC_WARN_ABOUT_RETURN_TYPE = YES_ERROR;
				GCC_WARN_UNDECLARED_SELECTOR = YES;
				GCC_WARN_UNINITIALIZED_AUTOS = YES_AGGRESSIVE;
				GCC_WARN_UNUSED_FUNCTION = YES;
				GCC_WARN_UNUSED_VARIABLE = YES;
				IPHONEOS_DEPLOYMENT_TARGET = 15.4;
				MTL_ENABLE_DEBUG_INFO = NO;
				MTL_FAST_MATH = YES;
				SDKROOT = iphoneos;
				SWIFT_COMPILATION_MODE = wholemodule;
				SWIFT_OPTIMIZATION_LEVEL = "-O";
				VALIDATE_PRODUCT = YES;
			};
			name = Release;
		};
		95384CF328194FF200C0AA33 /* Debug */ = {
			isa = XCBuildConfiguration;
			buildSettings = {
				ASSETCATALOG_COMPILER_APPICON_NAME = AppIcon;
				ASSETCATALOG_COMPILER_GLOBAL_ACCENT_COLOR_NAME = AccentColor;
				CODE_SIGN_STYLE = Automatic;
				CURRENT_PROJECT_VERSION = 1;
				DEVELOPMENT_TEAM = M3J6YQYJKM;
				GENERATE_INFOPLIST_FILE = YES;
				INFOPLIST_FILE = PokeTeam/Info.plist;
				INFOPLIST_KEY_UIApplicationSupportsIndirectInputEvents = YES;
				INFOPLIST_KEY_UILaunchStoryboardName = Main;
				INFOPLIST_KEY_UIMainStoryboardFile = Main;
				INFOPLIST_KEY_UISupportedInterfaceOrientations_iPad = "UIInterfaceOrientationPortrait UIInterfaceOrientationPortraitUpsideDown UIInterfaceOrientationLandscapeLeft UIInterfaceOrientationLandscapeRight";
				INFOPLIST_KEY_UISupportedInterfaceOrientations_iPhone = "UIInterfaceOrientationPortrait UIInterfaceOrientationLandscapeLeft UIInterfaceOrientationLandscapeRight";
				LD_RUNPATH_SEARCH_PATHS = (
					"$(inherited)",
					"@executable_path/Frameworks",
				);
				MARKETING_VERSION = 1.0;
				PRODUCT_BUNDLE_IDENTIFIER = com.daffamadeo.PokeTeam;
				PRODUCT_NAME = "$(TARGET_NAME)";
				SWIFT_EMIT_LOC_STRINGS = YES;
				SWIFT_VERSION = 5.0;
				TARGETED_DEVICE_FAMILY = "1,2";
			};
			name = Debug;
		};
		95384CF428194FF200C0AA33 /* Release */ = {
			isa = XCBuildConfiguration;
			buildSettings = {
				ASSETCATALOG_COMPILER_APPICON_NAME = AppIcon;
				ASSETCATALOG_COMPILER_GLOBAL_ACCENT_COLOR_NAME = AccentColor;
				CODE_SIGN_STYLE = Automatic;
				CURRENT_PROJECT_VERSION = 1;
				DEVELOPMENT_TEAM = M3J6YQYJKM;
				GENERATE_INFOPLIST_FILE = YES;
				INFOPLIST_FILE = PokeTeam/Info.plist;
				INFOPLIST_KEY_UIApplicationSupportsIndirectInputEvents = YES;
				INFOPLIST_KEY_UILaunchStoryboardName = Main;
				INFOPLIST_KEY_UIMainStoryboardFile = Main;
				INFOPLIST_KEY_UISupportedInterfaceOrientations_iPad = "UIInterfaceOrientationPortrait UIInterfaceOrientationPortraitUpsideDown UIInterfaceOrientationLandscapeLeft UIInterfaceOrientationLandscapeRight";
				INFOPLIST_KEY_UISupportedInterfaceOrientations_iPhone = "UIInterfaceOrientationPortrait UIInterfaceOrientationLandscapeLeft UIInterfaceOrientationLandscapeRight";
				LD_RUNPATH_SEARCH_PATHS = (
					"$(inherited)",
					"@executable_path/Frameworks",
				);
				MARKETING_VERSION = 1.0;
				PRODUCT_BUNDLE_IDENTIFIER = com.daffamadeo.PokeTeam;
				PRODUCT_NAME = "$(TARGET_NAME)";
				SWIFT_EMIT_LOC_STRINGS = YES;
				SWIFT_VERSION = 5.0;
				TARGETED_DEVICE_FAMILY = "1,2";
			};
			name = Release;
		};
/* End XCBuildConfiguration section */

/* Begin XCConfigurationList section */
		95384CD628194FF100C0AA33 /* Build configuration list for PBXProject "PokeTeam" */ = {
			isa = XCConfigurationList;
			buildConfigurations = (
				95384CF028194FF200C0AA33 /* Debug */,
				95384CF128194FF200C0AA33 /* Release */,
			);
			defaultConfigurationIsVisible = 0;
			defaultConfigurationName = Release;
		};
		95384CF228194FF200C0AA33 /* Build configuration list for PBXNativeTarget "PokeTeam" */ = {
			isa = XCConfigurationList;
			buildConfigurations = (
				95384CF328194FF200C0AA33 /* Debug */,
				95384CF428194FF200C0AA33 /* Release */,
			);
			defaultConfigurationIsVisible = 0;
			defaultConfigurationName = Release;
		};
/* End XCConfigurationList section */

/* Begin XCVersionGroup section */
		95384CE728194FF200C0AA33 /* PokeTeam.xcdatamodeld */ = {
			isa = XCVersionGroup;
			children = (
				95384CE828194FF200C0AA33 /* PokeTeam.xcdatamodel */,
			);
			currentVersion = 95384CE828194FF200C0AA33 /* PokeTeam.xcdatamodel */;
			path = PokeTeam.xcdatamodeld;
			sourceTree = "<group>";
			versionGroupType = wrapper.xcdatamodel;
		};
/* End XCVersionGroup section */
	};
	rootObject = 95384CD328194FF100C0AA33 /* Project object */;
}
